{
  "originHash" : "ed4533f34d5493a27d51db4ab4a9e8176dabee55e850072162538f4bb9a81dfe",
  "pins" : [
    {
      "identity" : "flowing-day-ui",
      "kind" : "remoteSourceControl",
      "location" : "https://github.com/cocoa-xu/flowing-day-ui.git",
      "state" : {
        "revision" : "05c56e5f3c9a500a954e4de846bc7ecb272e3165",
        "version" : "2.6.5"
      }
    }
  ],
  "version" : 3
}
